
Microsoft Visual Studio Solution File, Format Version 12.00
# Visual Studio Version 17
VisualStudioVersion = 17.4.33205.214
MinimumVisualStudioVersion = 10.0.40219.1
Project("{2150E333-8FDC-42A3-9474-1A3956D46DE8}") = "src", "src", "{CA9AC87F-097E-4F15-8393-4BC07735A5B0}"
EndProject
Project("{9A19103F-16F7-4668-BE54-9A1E7A4F7556}") = "KNTC.Application", "src\KNTC.Application\KNTC.Application.csproj", "{A607D50F-88BD-430A-92F4-F6E0DF1C0804}"
EndProject
Project("{9A19103F-16F7-4668-BE54-9A1E7A4F7556}") = "KNTC.Application.Contracts", "src\KNTC.Application.Contracts\KNTC.Application.Contracts.csproj", "{5B30AA57-AD5E-4EB3-8A43-593DC788CC75}"
EndProject
Project("{9A19103F-16F7-4668-BE54-9A1E7A4F7556}") = "KNTC.AuthServer", "src\KNTC.AuthServer\KNTC.AuthServer.csproj", "{3E63EEC1-62D5-4D44-8FD9-19C4691EC6DC}"
EndProject
Project("{9A19103F-16F7-4668-BE54-9A1E7A4F7556}") = "KNTC.DbMigrator", "src\KNTC.DbMigrator\KNTC.DbMigrator.csproj", "{4504AA65-CA30-492F-A938-9511F3F5D0A4}"
EndProject
Project("{9A19103F-16F7-4668-BE54-9A1E7A4F7556}") = "KNTC.Domain", "src\KNTC.Domain\KNTC.Domain.csproj", "{0EA66124-8131-4B3B-A694-7B2F9D592E62}"
EndProject
Project("{9A19103F-16F7-4668-BE54-9A1E7A4F7556}") = "KNTC.Domain.Shared", "src\KNTC.Domain.Shared\KNTC.Domain.Shared.csproj", "{DCEEAD0E-FBAB-4DE6-8459-336B875CF1C7}"
EndProject
Project("{9A19103F-16F7-4668-BE54-9A1E7A4F7556}") = "KNTC.EntityFrameworkCore", "src\KNTC.EntityFrameworkCore\KNTC.EntityFrameworkCore.csproj", "{6B0BC507-1993-4D01-8012-C9C5690ECFF9}"
EndProject
Project("{9A19103F-16F7-4668-BE54-9A1E7A4F7556}") = "KNTC.HttpApi", "src\KNTC.HttpApi\KNTC.HttpApi.csproj", "{563D6AAA-9CE1-487F-AA90-D3BAB4C47B2A}"
EndProject
Project("{9A19103F-16F7-4668-BE54-9A1E7A4F7556}") = "KNTC.HttpApi.Client", "src\KNTC.HttpApi.Client\KNTC.HttpApi.Client.csproj", "{79FA99BC-FCDB-4358-9F10-93F24ED460F8}"
EndProject
Project("{9A19103F-16F7-4668-BE54-9A1E7A4F7556}") = "KNTC.HttpApi.Host", "src\KNTC.HttpApi.Host\KNTC.HttpApi.Host.csproj", "{81F60803-AC3A-4AA8-A4B8-5207C7AB88C2}"
EndProject
Global
	GlobalSection(SolutionConfigurationPlatforms) = preSolution
		Debug|Any CPU = Debug|Any CPU
		Release|Any CPU = Release|Any CPU
	EndGlobalSection
	GlobalSection(ProjectConfigurationPlatforms) = postSolution
		{A607D50F-88BD-430A-92F4-F6E0DF1C0804}.Debug|Any CPU.ActiveCfg = Debug|Any CPU
		{A607D50F-88BD-430A-92F4-F6E0DF1C0804}.Debug|Any CPU.Build.0 = Debug|Any CPU
		{A607D50F-88BD-430A-92F4-F6E0DF1C0804}.Release|Any CPU.ActiveCfg = Release|Any CPU
		{A607D50F-88BD-430A-92F4-F6E0DF1C0804}.Release|Any CPU.Build.0 = Release|Any CPU
		{5B30AA57-AD5E-4EB3-8A43-593DC788CC75}.Debug|Any CPU.ActiveCfg = Debug|Any CPU
		{5B30AA57-AD5E-4EB3-8A43-593DC788CC75}.Debug|Any CPU.Build.0 = Debug|Any CPU
		{5B30AA57-AD5E-4EB3-8A43-593DC788CC75}.Release|Any CPU.ActiveCfg = Release|Any CPU
		{5B30AA57-AD5E-4EB3-8A43-593DC788CC75}.Release|Any CPU.Build.0 = Release|Any CPU
		{3E63EEC1-62D5-4D44-8FD9-19C4691EC6DC}.Debug|Any CPU.ActiveCfg = Debug|Any CPU
		{3E63EEC1-62D5-4D44-8FD9-19C4691EC6DC}.Debug|Any CPU.Build.0 = Debug|Any CPU
		{3E63EEC1-62D5-4D44-8FD9-19C4691EC6DC}.Release|Any CPU.ActiveCfg = Release|Any CPU
		{3E63EEC1-62D5-4D44-8FD9-19C4691EC6DC}.Release|Any CPU.Build.0 = Release|Any CPU
		{4504AA65-CA30-492F-A938-9511F3F5D0A4}.Debug|Any CPU.ActiveCfg = Debug|Any CPU
		{4504AA65-CA30-492F-A938-9511F3F5D0A4}.Debug|Any CPU.Build.0 = Debug|Any CPU
		{4504AA65-CA30-492F-A938-9511F3F5D0A4}.Release|Any CPU.ActiveCfg = Release|Any CPU
		{4504AA65-CA30-492F-A938-9511F3F5D0A4}.Release|Any CPU.Build.0 = Release|Any CPU
		{0EA66124-8131-4B3B-A694-7B2F9D592E62}.Debug|Any CPU.ActiveCfg = Debug|Any CPU
		{0EA66124-8131-4B3B-A694-7B2F9D592E62}.Debug|Any CPU.Build.0 = Debug|Any CPU
		{0EA66124-8131-4B3B-A694-7B2F9D592E62}.Release|Any CPU.ActiveCfg = Release|Any CPU
		{0EA66124-8131-4B3B-A694-7B2F9D592E62}.Release|Any CPU.Build.0 = Release|Any CPU
		{DCEEAD0E-FBAB-4DE6-8459-336B875CF1C7}.Debug|Any CPU.ActiveCfg = Debug|Any CPU
		{DCEEAD0E-FBAB-4DE6-8459-336B875CF1C7}.Debug|Any CPU.Build.0 = Debug|Any CPU
		{DCEEAD0E-FBAB-4DE6-8459-336B875CF1C7}.Release|Any CPU.ActiveCfg = Release|Any CPU
		{DCEEAD0E-FBAB-4DE6-8459-336B875CF1C7}.Release|Any CPU.Build.0 = Release|Any CPU
		{6B0BC507-1993-4D01-8012-C9C5690ECFF9}.Debug|Any CPU.ActiveCfg = Debug|Any CPU
		{6B0BC507-1993-4D01-8012-C9C5690ECFF9}.Debug|Any CPU.Build.0 = Debug|Any CPU
		{6B0BC507-1993-4D01-8012-C9C5690ECFF9}.Release|Any CPU.ActiveCfg = Release|Any CPU
		{6B0BC507-1993-4D01-8012-C9C5690ECFF9}.Release|Any CPU.Build.0 = Release|Any CPU
		{563D6AAA-9CE1-487F-AA90-D3BAB4C47B2A}.Debug|Any CPU.ActiveCfg = Debug|Any CPU
		{563D6AAA-9CE1-487F-AA90-D3BAB4C47B2A}.Debug|Any CPU.Build.0 = Debug|Any CPU
		{563D6AAA-9CE1-487F-AA90-D3BAB4C47B2A}.Release|Any CPU.ActiveCfg = Release|Any CPU
		{563D6AAA-9CE1-487F-AA90-D3BAB4C47B2A}.Release|Any CPU.Build.0 = Release|Any CPU
		{79FA99BC-FCDB-4358-9F10-93F24ED460F8}.Debug|Any CPU.ActiveCfg = Debug|Any CPU
		{79FA99BC-FCDB-4358-9F10-93F24ED460F8}.Debug|Any CPU.Build.0 = Debug|Any CPU
		{79FA99BC-FCDB-4358-9F10-93F24ED460F8}.Release|Any CPU.ActiveCfg = Release|Any CPU
		{79FA99BC-FCDB-4358-9F10-93F24ED460F8}.Release|Any CPU.Build.0 = Release|Any CPU
		{81F60803-AC3A-4AA8-A4B8-5207C7AB88C2}.Debug|Any CPU.ActiveCfg = Debug|Any CPU
		{81F60803-AC3A-4AA8-A4B8-5207C7AB88C2}.Debug|Any CPU.Build.0 = Debug|Any CPU
		{81F60803-AC3A-4AA8-A4B8-5207C7AB88C2}.Release|Any CPU.ActiveCfg = Release|Any CPU
		{81F60803-AC3A-4AA8-A4B8-5207C7AB88C2}.Release|Any CPU.Build.0 = Release|Any CPU
	EndGlobalSection
	GlobalSection(SolutionProperties) = preSolution
		HideSolutionNode = FALSE
	EndGlobalSection
	GlobalSection(NestedProjects) = preSolution
		{A607D50F-88BD-430A-92F4-F6E0DF1C0804} = {CA9AC87F-097E-4F15-8393-4BC07735A5B0}
		{5B30AA57-AD5E-4EB3-8A43-593DC788CC75} = {CA9AC87F-097E-4F15-8393-4BC07735A5B0}
		{3E63EEC1-62D5-4D44-8FD9-19C4691EC6DC} = {CA9AC87F-097E-4F15-8393-4BC07735A5B0}
		{4504AA65-CA30-492F-A938-9511F3F5D0A4} = {CA9AC87F-097E-4F15-8393-4BC07735A5B0}
		{0EA66124-8131-4B3B-A694-7B2F9D592E62} = {CA9AC87F-097E-4F15-8393-4BC07735A5B0}
		{DCEEAD0E-FBAB-4DE6-8459-336B875CF1C7} = {CA9AC87F-097E-4F15-8393-4BC07735A5B0}
		{6B0BC507-1993-4D01-8012-C9C5690ECFF9} = {CA9AC87F-097E-4F15-8393-4BC07735A5B0}
		{563D6AAA-9CE1-487F-AA90-D3BAB4C47B2A} = {CA9AC87F-097E-4F15-8393-4BC07735A5B0}
		{79FA99BC-FCDB-4358-9F10-93F24ED460F8} = {CA9AC87F-097E-4F15-8393-4BC07735A5B0}
		{81F60803-AC3A-4AA8-A4B8-5207C7AB88C2} = {CA9AC87F-097E-4F15-8393-4BC07735A5B0}
	EndGlobalSection
	GlobalSection(ExtensibilityGlobals) = postSolution
		SolutionGuid = {28315BFD-90E7-4E14-A2EA-F3D23AF4126F}
	EndGlobalSection
EndGlobal
